
Microsoft Visual Studio Solution File, Format Version 12.00
# Visual Studio Version 16
VisualStudioVersion = 16.0.30804.86
MinimumVisualStudioVersion = 10.0.40219.1
Project("{9A19103F-16F7-4668-BE54-9A1E7A4F7556}") = "Day01", "Day01\Day01.csproj", "{C4A57556-3C2E-4B70-8246-8102D39136EF}"
EndProject
Project("{9A19103F-16F7-4668-BE54-9A1E7A4F7556}") = "Day02", "Day02\Day02.csproj", "{A98825DF-9018-4189-BE38-3B52846ABDFA}"
EndProject
Project("{9A19103F-16F7-4668-BE54-9A1E7A4F7556}") = "Day03", "Day03\Day03.csproj", "{C59E56BE-8447-41C1-BF81-FDA9120B109B}"
EndProject
Project("{9A19103F-16F7-4668-BE54-9A1E7A4F7556}") = "Day04", "Day04\Day04.csproj", "{72EB5A50-339D-4E8E-9DB9-0A69B24E01A0}"
EndProject
Project("{9A19103F-16F7-4668-BE54-9A1E7A4F7556}") = "Day05", "Day05\Day05.csproj", "{9CA5AC1E-72F8-4A3C-857D-330006AAD55C}"
EndProject
Project("{9A19103F-16F7-4668-BE54-9A1E7A4F7556}") = "Day06", "Day06\Day06.csproj", "{2D886A76-8570-4775-AFFD-A7CB70DD82C8}"
EndProject
Project("{9A19103F-16F7-4668-BE54-9A1E7A4F7556}") = "Day07", "Day07\Day07.csproj", "{85DF4FFB-335D-4990-9293-A88D288E9F66}"
EndProject
Project("{9A19103F-16F7-4668-BE54-9A1E7A4F7556}") = "Day08", "Day08\Day08.csproj", "{BC48F85E-6C3B-4BE2-BDD3-AA2FABA37637}"
EndProject
Project("{9A19103F-16F7-4668-BE54-9A1E7A4F7556}") = "Day09", "Day09\Day09.csproj", "{0A9141AF-3CC3-4147-995B-C4D33A0A31FA}"
EndProject
Project("{9A19103F-16F7-4668-BE54-9A1E7A4F7556}") = "Day10", "Day10\Day10.csproj", "{550257B9-EBBA-4D76-843E-628E5D6531F8}"
EndProject
Project("{FAE04EC0-301F-11D3-BF4B-00C04F79EFBC}") = "Day11", "Day11\Day11.csproj", "{36F8BC8C-9538-4C3D-B958-0BA4A7E1F2CF}"
EndProject
Global
	GlobalSection(SolutionConfigurationPlatforms) = preSolution
		Debug|Any CPU = Debug|Any CPU
		Release|Any CPU = Release|Any CPU
	EndGlobalSection
	GlobalSection(ProjectConfigurationPlatforms) = postSolution
		{C4A57556-3C2E-4B70-8246-8102D39136EF}.Debug|Any CPU.ActiveCfg = Debug|Any CPU
		{C4A57556-3C2E-4B70-8246-8102D39136EF}.Debug|Any CPU.Build.0 = Debug|Any CPU
		{C4A57556-3C2E-4B70-8246-8102D39136EF}.Release|Any CPU.ActiveCfg = Release|Any CPU
		{C4A57556-3C2E-4B70-8246-8102D39136EF}.Release|Any CPU.Build.0 = Release|Any CPU
		{A98825DF-9018-4189-BE38-3B52846ABDFA}.Debug|Any CPU.ActiveCfg = Debug|Any CPU
		{A98825DF-9018-4189-BE38-3B52846ABDFA}.Debug|Any CPU.Build.0 = Debug|Any CPU
		{A98825DF-9018-4189-BE38-3B52846ABDFA}.Release|Any CPU.ActiveCfg = Release|Any CPU
		{A98825DF-9018-4189-BE38-3B52846ABDFA}.Release|Any CPU.Build.0 = Release|Any CPU
		{C59E56BE-8447-41C1-BF81-FDA9120B109B}.Debug|Any CPU.ActiveCfg = Debug|Any CPU
		{C59E56BE-8447-41C1-BF81-FDA9120B109B}.Debug|Any CPU.Build.0 = Debug|Any CPU
		{C59E56BE-8447-41C1-BF81-FDA9120B109B}.Release|Any CPU.ActiveCfg = Release|Any CPU
		{C59E56BE-8447-41C1-BF81-FDA9120B109B}.Release|Any CPU.Build.0 = Release|Any CPU
		{72EB5A50-339D-4E8E-9DB9-0A69B24E01A0}.Debug|Any CPU.ActiveCfg = Debug|Any CPU
		{72EB5A50-339D-4E8E-9DB9-0A69B24E01A0}.Debug|Any CPU.Build.0 = Debug|Any CPU
		{72EB5A50-339D-4E8E-9DB9-0A69B24E01A0}.Release|Any CPU.ActiveCfg = Release|Any CPU
		{72EB5A50-339D-4E8E-9DB9-0A69B24E01A0}.Release|Any CPU.Build.0 = Release|Any CPU
		{9CA5AC1E-72F8-4A3C-857D-330006AAD55C}.Debug|Any CPU.ActiveCfg = Debug|Any CPU
		{9CA5AC1E-72F8-4A3C-857D-330006AAD55C}.Debug|Any CPU.Build.0 = Debug|Any CPU
		{9CA5AC1E-72F8-4A3C-857D-330006AAD55C}.Release|Any CPU.ActiveCfg = Release|Any CPU
		{9CA5AC1E-72F8-4A3C-857D-330006AAD55C}.Release|Any CPU.Build.0 = Release|Any CPU
		{2D886A76-8570-4775-AFFD-A7CB70DD82C8}.Debug|Any CPU.ActiveCfg = Debug|Any CPU
		{2D886A76-8570-4775-AFFD-A7CB70DD82C8}.Debug|Any CPU.Build.0 = Debug|Any CPU
		{2D886A76-8570-4775-AFFD-A7CB70DD82C8}.Release|Any CPU.ActiveCfg = Release|Any CPU
		{2D886A76-8570-4775-AFFD-A7CB70DD82C8}.Release|Any CPU.Build.0 = Release|Any CPU
		{85DF4FFB-335D-4990-9293-A88D288E9F66}.Debug|Any CPU.ActiveCfg = Debug|Any CPU
		{85DF4FFB-335D-4990-9293-A88D288E9F66}.Debug|Any CPU.Build.0 = Debug|Any CPU
		{85DF4FFB-335D-4990-9293-A88D288E9F66}.Release|Any CPU.ActiveCfg = Release|Any CPU
		{85DF4FFB-335D-4990-9293-A88D288E9F66}.Release|Any CPU.Build.0 = Release|Any CPU
		{BC48F85E-6C3B-4BE2-BDD3-AA2FABA37637}.Debug|Any CPU.ActiveCfg = Debug|Any CPU
		{BC48F85E-6C3B-4BE2-BDD3-AA2FABA37637}.Debug|Any CPU.Build.0 = Debug|Any CPU
		{BC48F85E-6C3B-4BE2-BDD3-AA2FABA37637}.Release|Any CPU.ActiveCfg = Release|Any CPU
		{BC48F85E-6C3B-4BE2-BDD3-AA2FABA37637}.Release|Any CPU.Build.0 = Release|Any CPU
		{0A9141AF-3CC3-4147-995B-C4D33A0A31FA}.Debug|Any CPU.ActiveCfg = Debug|Any CPU
		{0A9141AF-3CC3-4147-995B-C4D33A0A31FA}.Debug|Any CPU.Build.0 = Debug|Any CPU
		{0A9141AF-3CC3-4147-995B-C4D33A0A31FA}.Release|Any CPU.ActiveCfg = Release|Any CPU
		{0A9141AF-3CC3-4147-995B-C4D33A0A31FA}.Release|Any CPU.Build.0 = Release|Any CPU
		{550257B9-EBBA-4D76-843E-628E5D6531F8}.Debug|Any CPU.ActiveCfg = Debug|Any CPU
		{550257B9-EBBA-4D76-843E-628E5D6531F8}.Debug|Any CPU.Build.0 = Debug|Any CPU
		{550257B9-EBBA-4D76-843E-628E5D6531F8}.Release|Any CPU.ActiveCfg = Release|Any CPU
		{550257B9-EBBA-4D76-843E-628E5D6531F8}.Release|Any CPU.Build.0 = Release|Any CPU
		{36F8BC8C-9538-4C3D-B958-0BA4A7E1F2CF}.Debug|Any CPU.ActiveCfg = Debug|Any CPU
		{36F8BC8C-9538-4C3D-B958-0BA4A7E1F2CF}.Debug|Any CPU.Build.0 = Debug|Any CPU
		{36F8BC8C-9538-4C3D-B958-0BA4A7E1F2CF}.Release|Any CPU.ActiveCfg = Release|Any CPU
		{36F8BC8C-9538-4C3D-B958-0BA4A7E1F2CF}.Release|Any CPU.Build.0 = Release|Any CPU
	EndGlobalSection
	GlobalSection(SolutionProperties) = preSolution
		HideSolutionNode = FALSE
	EndGlobalSection
	GlobalSection(ExtensibilityGlobals) = postSolution
		SolutionGuid = {FC85D851-0BE5-43F7-86AD-CC2A69B1E50F}
	EndGlobalSection
EndGlobal
