
Microsoft Visual Studio Solution File, Format Version 12.00
Project("{FAE04EC0-301F-11D3-BF4B-00C04F79EFBC}") = "Day01", "Day01/Day01.csproj", "{C4A57556-3C2E-4B70-8246-8102D39136EF}"
EndProject
Project("{FAE04EC0-301F-11D3-BF4B-00C04F79EFBC}") = "Day02", "Day02\Day02.csproj", "{A98825DF-9018-4189-BE38-3B52846ABDFA}"
EndProject
Global
	GlobalSection(SolutionConfigurationPlatforms) = preSolution
		Debug|Any CPU = Debug|Any CPU
		Release|Any CPU = Release|Any CPU
	EndGlobalSection
	GlobalSection(ProjectConfigurationPlatforms) = postSolution
		{C4A57556-3C2E-4B70-8246-8102D39136EF}.Debug|Any CPU.ActiveCfg = Debug|Any CPU
		{C4A57556-3C2E-4B70-8246-8102D39136EF}.Debug|Any CPU.Build.0 = Debug|Any CPU
		{C4A57556-3C2E-4B70-8246-8102D39136EF}.Release|Any CPU.ActiveCfg = Release|Any CPU
		{C4A57556-3C2E-4B70-8246-8102D39136EF}.Release|Any CPU.Build.0 = Release|Any CPU
		{A98825DF-9018-4189-BE38-3B52846ABDFA}.Debug|Any CPU.ActiveCfg = Debug|Any CPU
		{A98825DF-9018-4189-BE38-3B52846ABDFA}.Debug|Any CPU.Build.0 = Debug|Any CPU
		{A98825DF-9018-4189-BE38-3B52846ABDFA}.Release|Any CPU.ActiveCfg = Release|Any CPU
		{A98825DF-9018-4189-BE38-3B52846ABDFA}.Release|Any CPU.Build.0 = Release|Any CPU
	EndGlobalSection
EndGlobal
