
Microsoft Visual Studio Solution File, Format Version 12.00
# Visual Studio Version 16
VisualStudioVersion = 16.0.30804.86
MinimumVisualStudioVersion = 10.0.40219.1
Project("{9A19103F-16F7-4668-BE54-9A1E7A4F7556}") = "Day01", "Day01\Day01.csproj", "{C4A57556-3C2E-4B70-8246-8102D39136EF}"
EndProject
Project("{9A19103F-16F7-4668-BE54-9A1E7A4F7556}") = "Day02", "Day02\Day02.csproj", "{A98825DF-9018-4189-BE38-3B52846ABDFA}"
EndProject
Project("{9A19103F-16F7-4668-BE54-9A1E7A4F7556}") = "Day03", "Day03\Day03.csproj", "{C59E56BE-8447-41C1-BF81-FDA9120B109B}"
EndProject
Project("{9A19103F-16F7-4668-BE54-9A1E7A4F7556}") = "Day04", "Day04\Day04.csproj", "{72EB5A50-339D-4E8E-9DB9-0A69B24E01A0}"
EndProject
Project("{FAE04EC0-301F-11D3-BF4B-00C04F79EFBC}") = "Day05", "Day05\Day05.csproj", "{9CA5AC1E-72F8-4A3C-857D-330006AAD55C}"
EndProject
Global
	GlobalSection(SolutionConfigurationPlatforms) = preSolution
		Debug|Any CPU = Debug|Any CPU
		Release|Any CPU = Release|Any CPU
	EndGlobalSection
	GlobalSection(ProjectConfigurationPlatforms) = postSolution
		{C4A57556-3C2E-4B70-8246-8102D39136EF}.Debug|Any CPU.ActiveCfg = Debug|Any CPU
		{C4A57556-3C2E-4B70-8246-8102D39136EF}.Debug|Any CPU.Build.0 = Debug|Any CPU
		{C4A57556-3C2E-4B70-8246-8102D39136EF}.Release|Any CPU.ActiveCfg = Release|Any CPU
		{C4A57556-3C2E-4B70-8246-8102D39136EF}.Release|Any CPU.Build.0 = Release|Any CPU
		{A98825DF-9018-4189-BE38-3B52846ABDFA}.Debug|Any CPU.ActiveCfg = Debug|Any CPU
		{A98825DF-9018-4189-BE38-3B52846ABDFA}.Debug|Any CPU.Build.0 = Debug|Any CPU
		{A98825DF-9018-4189-BE38-3B52846ABDFA}.Release|Any CPU.ActiveCfg = Release|Any CPU
		{A98825DF-9018-4189-BE38-3B52846ABDFA}.Release|Any CPU.Build.0 = Release|Any CPU
		{C59E56BE-8447-41C1-BF81-FDA9120B109B}.Debug|Any CPU.ActiveCfg = Debug|Any CPU
		{C59E56BE-8447-41C1-BF81-FDA9120B109B}.Debug|Any CPU.Build.0 = Debug|Any CPU
		{C59E56BE-8447-41C1-BF81-FDA9120B109B}.Release|Any CPU.ActiveCfg = Release|Any CPU
		{C59E56BE-8447-41C1-BF81-FDA9120B109B}.Release|Any CPU.Build.0 = Release|Any CPU
		{72EB5A50-339D-4E8E-9DB9-0A69B24E01A0}.Debug|Any CPU.ActiveCfg = Debug|Any CPU
		{72EB5A50-339D-4E8E-9DB9-0A69B24E01A0}.Debug|Any CPU.Build.0 = Debug|Any CPU
		{72EB5A50-339D-4E8E-9DB9-0A69B24E01A0}.Release|Any CPU.ActiveCfg = Release|Any CPU
		{72EB5A50-339D-4E8E-9DB9-0A69B24E01A0}.Release|Any CPU.Build.0 = Release|Any CPU
		{9CA5AC1E-72F8-4A3C-857D-330006AAD55C}.Debug|Any CPU.ActiveCfg = Debug|Any CPU
		{9CA5AC1E-72F8-4A3C-857D-330006AAD55C}.Debug|Any CPU.Build.0 = Debug|Any CPU
		{9CA5AC1E-72F8-4A3C-857D-330006AAD55C}.Release|Any CPU.ActiveCfg = Release|Any CPU
		{9CA5AC1E-72F8-4A3C-857D-330006AAD55C}.Release|Any CPU.Build.0 = Release|Any CPU
	EndGlobalSection
	GlobalSection(SolutionProperties) = preSolution
		HideSolutionNode = FALSE
	EndGlobalSection
	GlobalSection(ExtensibilityGlobals) = postSolution
		SolutionGuid = {FC85D851-0BE5-43F7-86AD-CC2A69B1E50F}
	EndGlobalSection
EndGlobal
